// !$*UTF8*$!
{
	archiveVersion = 1;
	classes = {
	};
	objectVersion = 56;
	objects = {

/* Begin PBXBuildFile section */
		0615D47B96BD96AA3980DA9D /* Pods_SimpleCryptoAppTests.framework in Frameworks */ = {isa = PBXBuildFile; fileRef = 6FA9595FC39DDDD2572ACEA3 /* Pods_SimpleCryptoAppTests.framework */; };
		64477605E3B276481DB65E2F /* Pods_SimpleCryptoApp_SimpleCryptoAppUITests.framework in Frameworks */ = {isa = PBXBuildFile; fileRef = 1934F97F678F03E77670E885 /* Pods_SimpleCryptoApp_SimpleCryptoAppUITests.framework */; };
		A5CC21D32C1F1C3300BC1B30 /* NumberFormatter.swift in Sources */ = {isa = PBXBuildFile; fileRef = A5CC21D22C1F1C3300BC1B30 /* NumberFormatter.swift */; };
		A5DB6B922C1E1A7C0066B528 /* AppDelegate.swift in Sources */ = {isa = PBXBuildFile; fileRef = A5DB6B912C1E1A7C0066B528 /* AppDelegate.swift */; };
		A5DB6B942C1E1A7C0066B528 /* SceneDelegate.swift in Sources */ = {isa = PBXBuildFile; fileRef = A5DB6B932C1E1A7C0066B528 /* SceneDelegate.swift */; };
		A5DB6B962C1E1A7C0066B528 /* HomeViewController.swift in Sources */ = {isa = PBXBuildFile; fileRef = A5DB6B952C1E1A7C0066B528 /* HomeViewController.swift */; };
		A5DB6B9B2C1E1A7D0066B528 /* Assets.xcassets in Resources */ = {isa = PBXBuildFile; fileRef = A5DB6B9A2C1E1A7D0066B528 /* Assets.xcassets */; };
		A5DB6B9E2C1E1A7D0066B528 /* Base in Resources */ = {isa = PBXBuildFile; fileRef = A5DB6B9D2C1E1A7D0066B528 /* Base */; };
		A5DB6BA92C1E1A7D0066B528 /* SimpleCryptoAppTests.swift in Sources */ = {isa = PBXBuildFile; fileRef = A5DB6BA82C1E1A7D0066B528 /* SimpleCryptoAppTests.swift */; };
		A5DB6BB32C1E1A7D0066B528 /* SimpleCryptoAppUITests.swift in Sources */ = {isa = PBXBuildFile; fileRef = A5DB6BB22C1E1A7D0066B528 /* SimpleCryptoAppUITests.swift */; };
		A5DB6BB52C1E1A7D0066B528 /* SimpleCryptoAppUITestsLaunchTests.swift in Sources */ = {isa = PBXBuildFile; fileRef = A5DB6BB42C1E1A7D0066B528 /* SimpleCryptoAppUITestsLaunchTests.swift */; };
		A5DB6BC42C1E1C140066B528 /* NetworkService.swift in Sources */ = {isa = PBXBuildFile; fileRef = A5DB6BC32C1E1C140066B528 /* NetworkService.swift */; };
		A5DB6BC72C1E1C4F0066B528 /* CryptoData.swift in Sources */ = {isa = PBXBuildFile; fileRef = A5DB6BC62C1E1C4F0066B528 /* CryptoData.swift */; };
		A5DB6BCA2C1E1D550066B528 /* HomeInteractor.swift in Sources */ = {isa = PBXBuildFile; fileRef = A5DB6BC92C1E1D550066B528 /* HomeInteractor.swift */; };
		A5DB6BCD2C1E1D7A0066B528 /* HomePresenter.swift in Sources */ = {isa = PBXBuildFile; fileRef = A5DB6BCC2C1E1D7A0066B528 /* HomePresenter.swift */; };
		A5DB6BD12C1E1E820066B528 /* HomeRouter.swift in Sources */ = {isa = PBXBuildFile; fileRef = A5DB6BD02C1E1E820066B528 /* HomeRouter.swift */; };
		A5DB6BD52C1E3E580066B528 /* HStack.swift in Sources */ = {isa = PBXBuildFile; fileRef = A5DB6BD42C1E3E580066B528 /* HStack.swift */; };
		A5DB6BD72C1E3F5E0066B528 /* VStack.swift in Sources */ = {isa = PBXBuildFile; fileRef = A5DB6BD62C1E3F5E0066B528 /* VStack.swift */; };
		A5DB6BDA2C1F0F740066B528 /* UIColorExtension.swift in Sources */ = {isa = PBXBuildFile; fileRef = A5DB6BD92C1F0F740066B528 /* UIColorExtension.swift */; };
		D44CB9D2E03C4F49F304FADE /* Pods_SimpleCryptoApp.framework in Frameworks */ = {isa = PBXBuildFile; fileRef = CA0BDEEC734A14C38BC9768C /* Pods_SimpleCryptoApp.framework */; };
/* End PBXBuildFile section */

/* Begin PBXContainerItemProxy section */
		A5DB6BA52C1E1A7D0066B528 /* PBXContainerItemProxy */ = {
			isa = PBXContainerItemProxy;
			containerPortal = A5DB6B862C1E1A7C0066B528 /* Project object */;
			proxyType = 1;
			remoteGlobalIDString = A5DB6B8D2C1E1A7C0066B528;
			remoteInfo = SimpleCryptoApp;
		};
		A5DB6BAF2C1E1A7D0066B528 /* PBXContainerItemProxy */ = {
			isa = PBXContainerItemProxy;
			containerPortal = A5DB6B862C1E1A7C0066B528 /* Project object */;
			proxyType = 1;
			remoteGlobalIDString = A5DB6B8D2C1E1A7C0066B528;
			remoteInfo = SimpleCryptoApp;
		};
/* End PBXContainerItemProxy section */

/* Begin PBXFileReference section */
		1934F97F678F03E77670E885 /* Pods_SimpleCryptoApp_SimpleCryptoAppUITests.framework */ = {isa = PBXFileReference; explicitFileType = wrapper.framework; includeInIndex = 0; path = Pods_SimpleCryptoApp_SimpleCryptoAppUITests.framework; sourceTree = BUILT_PRODUCTS_DIR; };
		1987DBEE10A8C6DB7DC8E635 /* Pods-SimpleCryptoApp.release.xcconfig */ = {isa = PBXFileReference; includeInIndex = 1; lastKnownFileType = text.xcconfig; name = "Pods-SimpleCryptoApp.release.xcconfig"; path = "Target Support Files/Pods-SimpleCryptoApp/Pods-SimpleCryptoApp.release.xcconfig"; sourceTree = "<group>"; };
		2137C8E6B92142BD56F8B900 /* Pods-SimpleCryptoApp-SimpleCryptoAppUITests.debug.xcconfig */ = {isa = PBXFileReference; includeInIndex = 1; lastKnownFileType = text.xcconfig; name = "Pods-SimpleCryptoApp-SimpleCryptoAppUITests.debug.xcconfig"; path = "Target Support Files/Pods-SimpleCryptoApp-SimpleCryptoAppUITests/Pods-SimpleCryptoApp-SimpleCryptoAppUITests.debug.xcconfig"; sourceTree = "<group>"; };
		2D76464C834F45F06369C8DE /* Pods-SimpleCryptoApp-SimpleCryptoAppUITests.release.xcconfig */ = {isa = PBXFileReference; includeInIndex = 1; lastKnownFileType = text.xcconfig; name = "Pods-SimpleCryptoApp-SimpleCryptoAppUITests.release.xcconfig"; path = "Target Support Files/Pods-SimpleCryptoApp-SimpleCryptoAppUITests/Pods-SimpleCryptoApp-SimpleCryptoAppUITests.release.xcconfig"; sourceTree = "<group>"; };
		33D3728D84D2607ED9BE853A /* Pods-SimpleCryptoAppTests.release.xcconfig */ = {isa = PBXFileReference; includeInIndex = 1; lastKnownFileType = text.xcconfig; name = "Pods-SimpleCryptoAppTests.release.xcconfig"; path = "Target Support Files/Pods-SimpleCryptoAppTests/Pods-SimpleCryptoAppTests.release.xcconfig"; sourceTree = "<group>"; };
		6FA9595FC39DDDD2572ACEA3 /* Pods_SimpleCryptoAppTests.framework */ = {isa = PBXFileReference; explicitFileType = wrapper.framework; includeInIndex = 0; path = Pods_SimpleCryptoAppTests.framework; sourceTree = BUILT_PRODUCTS_DIR; };
		92C7239038F5AC88AB0DEB44 /* Pods-SimpleCryptoAppTests.debug.xcconfig */ = {isa = PBXFileReference; includeInIndex = 1; lastKnownFileType = text.xcconfig; name = "Pods-SimpleCryptoAppTests.debug.xcconfig"; path = "Target Support Files/Pods-SimpleCryptoAppTests/Pods-SimpleCryptoAppTests.debug.xcconfig"; sourceTree = "<group>"; };
		A5CC21D22C1F1C3300BC1B30 /* NumberFormatter.swift */ = {isa = PBXFileReference; lastKnownFileType = sourcecode.swift; path = NumberFormatter.swift; sourceTree = "<group>"; };
		A5DB6B8E2C1E1A7C0066B528 /* SimpleCryptoApp.app */ = {isa = PBXFileReference; explicitFileType = wrapper.application; includeInIndex = 0; path = SimpleCryptoApp.app; sourceTree = BUILT_PRODUCTS_DIR; };
		A5DB6B912C1E1A7C0066B528 /* AppDelegate.swift */ = {isa = PBXFileReference; lastKnownFileType = sourcecode.swift; path = AppDelegate.swift; sourceTree = "<group>"; };
		A5DB6B932C1E1A7C0066B528 /* SceneDelegate.swift */ = {isa = PBXFileReference; lastKnownFileType = sourcecode.swift; path = SceneDelegate.swift; sourceTree = "<group>"; };
		A5DB6B952C1E1A7C0066B528 /* HomeViewController.swift */ = {isa = PBXFileReference; lastKnownFileType = sourcecode.swift; path = HomeViewController.swift; sourceTree = "<group>"; };
		A5DB6B9A2C1E1A7D0066B528 /* Assets.xcassets */ = {isa = PBXFileReference; lastKnownFileType = folder.assetcatalog; path = Assets.xcassets; sourceTree = "<group>"; };
		A5DB6B9D2C1E1A7D0066B528 /* Base */ = {isa = PBXFileReference; lastKnownFileType = file.storyboard; name = Base; path = Base.lproj/LaunchScreen.storyboard; sourceTree = "<group>"; };
		A5DB6B9F2C1E1A7D0066B528 /* Info.plist */ = {isa = PBXFileReference; lastKnownFileType = text.plist.xml; path = Info.plist; sourceTree = "<group>"; };
		A5DB6BA42C1E1A7D0066B528 /* SimpleCryptoAppTests.xctest */ = {isa = PBXFileReference; explicitFileType = wrapper.cfbundle; includeInIndex = 0; path = SimpleCryptoAppTests.xctest; sourceTree = BUILT_PRODUCTS_DIR; };
		A5DB6BA82C1E1A7D0066B528 /* SimpleCryptoAppTests.swift */ = {isa = PBXFileReference; lastKnownFileType = sourcecode.swift; path = SimpleCryptoAppTests.swift; sourceTree = "<group>"; };
		A5DB6BAE2C1E1A7D0066B528 /* SimpleCryptoAppUITests.xctest */ = {isa = PBXFileReference; explicitFileType = wrapper.cfbundle; includeInIndex = 0; path = SimpleCryptoAppUITests.xctest; sourceTree = BUILT_PRODUCTS_DIR; };
		A5DB6BB22C1E1A7D0066B528 /* SimpleCryptoAppUITests.swift */ = {isa = PBXFileReference; lastKnownFileType = sourcecode.swift; path = SimpleCryptoAppUITests.swift; sourceTree = "<group>"; };
		A5DB6BB42C1E1A7D0066B528 /* SimpleCryptoAppUITestsLaunchTests.swift */ = {isa = PBXFileReference; lastKnownFileType = sourcecode.swift; path = SimpleCryptoAppUITestsLaunchTests.swift; sourceTree = "<group>"; };
		A5DB6BC32C1E1C140066B528 /* NetworkService.swift */ = {isa = PBXFileReference; lastKnownFileType = sourcecode.swift; path = NetworkService.swift; sourceTree = "<group>"; };
		A5DB6BC62C1E1C4F0066B528 /* CryptoData.swift */ = {isa = PBXFileReference; lastKnownFileType = sourcecode.swift; path = CryptoData.swift; sourceTree = "<group>"; };
		A5DB6BC92C1E1D550066B528 /* HomeInteractor.swift */ = {isa = PBXFileReference; lastKnownFileType = sourcecode.swift; path = HomeInteractor.swift; sourceTree = "<group>"; };
		A5DB6BCC2C1E1D7A0066B528 /* HomePresenter.swift */ = {isa = PBXFileReference; lastKnownFileType = sourcecode.swift; path = HomePresenter.swift; sourceTree = "<group>"; };
		A5DB6BD02C1E1E820066B528 /* HomeRouter.swift */ = {isa = PBXFileReference; lastKnownFileType = sourcecode.swift; path = HomeRouter.swift; sourceTree = "<group>"; };
		A5DB6BD42C1E3E580066B528 /* HStack.swift */ = {isa = PBXFileReference; lastKnownFileType = sourcecode.swift; path = HStack.swift; sourceTree = "<group>"; };
		A5DB6BD62C1E3F5E0066B528 /* VStack.swift */ = {isa = PBXFileReference; lastKnownFileType = sourcecode.swift; path = VStack.swift; sourceTree = "<group>"; };
		A5DB6BD92C1F0F740066B528 /* UIColorExtension.swift */ = {isa = PBXFileReference; lastKnownFileType = sourcecode.swift; path = UIColorExtension.swift; sourceTree = "<group>"; };
		CA0BDEEC734A14C38BC9768C /* Pods_SimpleCryptoApp.framework */ = {isa = PBXFileReference; explicitFileType = wrapper.framework; includeInIndex = 0; path = Pods_SimpleCryptoApp.framework; sourceTree = BUILT_PRODUCTS_DIR; };
		FF9E9D51B4631C9B58A93D42 /* Pods-SimpleCryptoApp.debug.xcconfig */ = {isa = PBXFileReference; includeInIndex = 1; lastKnownFileType = text.xcconfig; name = "Pods-SimpleCryptoApp.debug.xcconfig"; path = "Target Support Files/Pods-SimpleCryptoApp/Pods-SimpleCryptoApp.debug.xcconfig"; sourceTree = "<group>"; };
/* End PBXFileReference section */

/* Begin PBXFrameworksBuildPhase section */
		A5DB6B8B2C1E1A7C0066B528 /* Frameworks */ = {
			isa = PBXFrameworksBuildPhase;
			buildActionMask = 2147483647;
			files = (
				D44CB9D2E03C4F49F304FADE /* Pods_SimpleCryptoApp.framework in Frameworks */,
			);
			runOnlyForDeploymentPostprocessing = 0;
		};
		A5DB6BA12C1E1A7D0066B528 /* Frameworks */ = {
			isa = PBXFrameworksBuildPhase;
			buildActionMask = 2147483647;
			files = (
				0615D47B96BD96AA3980DA9D /* Pods_SimpleCryptoAppTests.framework in Frameworks */,
			);
			runOnlyForDeploymentPostprocessing = 0;
		};
		A5DB6BAB2C1E1A7D0066B528 /* Frameworks */ = {
			isa = PBXFrameworksBuildPhase;
			buildActionMask = 2147483647;
			files = (
				64477605E3B276481DB65E2F /* Pods_SimpleCryptoApp_SimpleCryptoAppUITests.framework in Frameworks */,
			);
			runOnlyForDeploymentPostprocessing = 0;
		};
/* End PBXFrameworksBuildPhase section */

/* Begin PBXGroup section */
		3F8DDA3CFFBEDCAC3C60E3C2 /* Pods */ = {
			isa = PBXGroup;
			children = (
				FF9E9D51B4631C9B58A93D42 /* Pods-SimpleCryptoApp.debug.xcconfig */,
				1987DBEE10A8C6DB7DC8E635 /* Pods-SimpleCryptoApp.release.xcconfig */,
				2137C8E6B92142BD56F8B900 /* Pods-SimpleCryptoApp-SimpleCryptoAppUITests.debug.xcconfig */,
				2D76464C834F45F06369C8DE /* Pods-SimpleCryptoApp-SimpleCryptoAppUITests.release.xcconfig */,
				92C7239038F5AC88AB0DEB44 /* Pods-SimpleCryptoAppTests.debug.xcconfig */,
				33D3728D84D2607ED9BE853A /* Pods-SimpleCryptoAppTests.release.xcconfig */,
			);
			path = Pods;
			sourceTree = "<group>";
		};
		A5DB6B852C1E1A7C0066B528 = {
			isa = PBXGroup;
			children = (
				A5DB6B902C1E1A7C0066B528 /* SimpleCryptoApp */,
				A5DB6BA72C1E1A7D0066B528 /* SimpleCryptoAppTests */,
				A5DB6BB12C1E1A7D0066B528 /* SimpleCryptoAppUITests */,
				A5DB6B8F2C1E1A7C0066B528 /* Products */,
				3F8DDA3CFFBEDCAC3C60E3C2 /* Pods */,
				D8875B0E708A0A5185DADEEE /* Frameworks */,
			);
			sourceTree = "<group>";
		};
		A5DB6B8F2C1E1A7C0066B528 /* Products */ = {
			isa = PBXGroup;
			children = (
				A5DB6B8E2C1E1A7C0066B528 /* SimpleCryptoApp.app */,
				A5DB6BA42C1E1A7D0066B528 /* SimpleCryptoAppTests.xctest */,
				A5DB6BAE2C1E1A7D0066B528 /* SimpleCryptoAppUITests.xctest */,
			);
			name = Products;
			sourceTree = "<group>";
		};
		A5DB6B902C1E1A7C0066B528 /* SimpleCryptoApp */ = {
			isa = PBXGroup;
			children = (
				A5DB6BD82C1F0F610066B528 /* Extensions */,
				A5DB6BD22C1E3E3B0066B528 /* ReusableViews */,
				A5DB6BCF2C1E1E730066B528 /* Router */,
				A5DB6BCE2C1E1E110066B528 /* View */,
				A5DB6BCB2C1E1D640066B528 /* Presenter */,
				A5DB6BC82C1E1D310066B528 /* Interactor */,
				A5DB6BC52C1E1C2F0066B528 /* Entity */,
				A5DB6BC22C1E1BF90066B528 /* Networking */,
				A5DB6B912C1E1A7C0066B528 /* AppDelegate.swift */,
				A5DB6B932C1E1A7C0066B528 /* SceneDelegate.swift */,
				A5DB6B9A2C1E1A7D0066B528 /* Assets.xcassets */,
				A5DB6B9C2C1E1A7D0066B528 /* LaunchScreen.storyboard */,
				A5DB6B9F2C1E1A7D0066B528 /* Info.plist */,
			);
			path = SimpleCryptoApp;
			sourceTree = "<group>";
		};
		A5DB6BA72C1E1A7D0066B528 /* SimpleCryptoAppTests */ = {
			isa = PBXGroup;
			children = (
				A5DB6BA82C1E1A7D0066B528 /* SimpleCryptoAppTests.swift */,
			);
			path = SimpleCryptoAppTests;
			sourceTree = "<group>";
		};
		A5DB6BB12C1E1A7D0066B528 /* SimpleCryptoAppUITests */ = {
			isa = PBXGroup;
			children = (
				A5DB6BB22C1E1A7D0066B528 /* SimpleCryptoAppUITests.swift */,
				A5DB6BB42C1E1A7D0066B528 /* SimpleCryptoAppUITestsLaunchTests.swift */,
			);
			path = SimpleCryptoAppUITests;
			sourceTree = "<group>";
		};
		A5DB6BC22C1E1BF90066B528 /* Networking */ = {
			isa = PBXGroup;
			children = (
				A5DB6BC32C1E1C140066B528 /* NetworkService.swift */,
			);
			path = Networking;
			sourceTree = "<group>";
		};
		A5DB6BC52C1E1C2F0066B528 /* Entity */ = {
			isa = PBXGroup;
			children = (
				A5DB6BC62C1E1C4F0066B528 /* CryptoData.swift */,
			);
			path = Entity;
			sourceTree = "<group>";
		};
		A5DB6BC82C1E1D310066B528 /* Interactor */ = {
			isa = PBXGroup;
			children = (
				A5DB6BC92C1E1D550066B528 /* HomeInteractor.swift */,
			);
			path = Interactor;
			sourceTree = "<group>";
		};
		A5DB6BCB2C1E1D640066B528 /* Presenter */ = {
			isa = PBXGroup;
			children = (
				A5DB6BCC2C1E1D7A0066B528 /* HomePresenter.swift */,
			);
			path = Presenter;
			sourceTree = "<group>";
		};
		A5DB6BCE2C1E1E110066B528 /* View */ = {
			isa = PBXGroup;
			children = (
				A5DB6B952C1E1A7C0066B528 /* HomeViewController.swift */,
			);
			path = View;
			sourceTree = "<group>";
		};
		A5DB6BCF2C1E1E730066B528 /* Router */ = {
			isa = PBXGroup;
			children = (
				A5DB6BD02C1E1E820066B528 /* HomeRouter.swift */,
			);
			path = Router;
			sourceTree = "<group>";
		};
		A5DB6BD22C1E3E3B0066B528 /* ReusableViews */ = {
			isa = PBXGroup;
			children = (
				A5DB6BD32C1E3E450066B528 /* StackViews */,
			);
			path = ReusableViews;
			sourceTree = "<group>";
		};
		A5DB6BD32C1E3E450066B528 /* StackViews */ = {
			isa = PBXGroup;
			children = (
				A5DB6BD42C1E3E580066B528 /* HStack.swift */,
				A5DB6BD62C1E3F5E0066B528 /* VStack.swift */,
			);
			path = StackViews;
			sourceTree = "<group>";
		};
		A5DB6BD82C1F0F610066B528 /* Extensions */ = {
			isa = PBXGroup;
			children = (
				A5DB6BD92C1F0F740066B528 /* UIColorExtension.swift */,
				A5CC21D22C1F1C3300BC1B30 /* NumberFormatter.swift */,
			);
			path = Extensions;
			sourceTree = "<group>";
		};
		D8875B0E708A0A5185DADEEE /* Frameworks */ = {
			isa = PBXGroup;
			children = (
				CA0BDEEC734A14C38BC9768C /* Pods_SimpleCryptoApp.framework */,
				1934F97F678F03E77670E885 /* Pods_SimpleCryptoApp_SimpleCryptoAppUITests.framework */,
				6FA9595FC39DDDD2572ACEA3 /* Pods_SimpleCryptoAppTests.framework */,
			);
			name = Frameworks;
			sourceTree = "<group>";
		};
/* End PBXGroup section */

/* Begin PBXNativeTarget section */
		A5DB6B8D2C1E1A7C0066B528 /* SimpleCryptoApp */ = {
			isa = PBXNativeTarget;
			buildConfigurationList = A5DB6BB82C1E1A7D0066B528 /* Build configuration list for PBXNativeTarget "SimpleCryptoApp" */;
			buildPhases = (
				87B77BE53087F5589C21CB8B /* [CP] Check Pods Manifest.lock */,
				A5DB6B8A2C1E1A7C0066B528 /* Sources */,
				A5DB6B8B2C1E1A7C0066B528 /* Frameworks */,
				A5DB6B8C2C1E1A7C0066B528 /* Resources */,
				EA9DAC79E83F50D9E5D9F3EE /* [CP] Embed Pods Frameworks */,
			);
			buildRules = (
			);
			dependencies = (
			);
			name = SimpleCryptoApp;
			productName = SimpleCryptoApp;
			productReference = A5DB6B8E2C1E1A7C0066B528 /* SimpleCryptoApp.app */;
			productType = "com.apple.product-type.application";
		};
		A5DB6BA32C1E1A7D0066B528 /* SimpleCryptoAppTests */ = {
			isa = PBXNativeTarget;
			buildConfigurationList = A5DB6BBB2C1E1A7D0066B528 /* Build configuration list for PBXNativeTarget "SimpleCryptoAppTests" */;
			buildPhases = (
				DF7837A8898D667E8484BC03 /* [CP] Check Pods Manifest.lock */,
				A5DB6BA02C1E1A7D0066B528 /* Sources */,
				A5DB6BA12C1E1A7D0066B528 /* Frameworks */,
				A5DB6BA22C1E1A7D0066B528 /* Resources */,
			);
			buildRules = (
			);
			dependencies = (
				A5DB6BA62C1E1A7D0066B528 /* PBXTargetDependency */,
			);
			name = SimpleCryptoAppTests;
			productName = SimpleCryptoAppTests;
			productReference = A5DB6BA42C1E1A7D0066B528 /* SimpleCryptoAppTests.xctest */;
			productType = "com.apple.product-type.bundle.unit-test";
		};
		A5DB6BAD2C1E1A7D0066B528 /* SimpleCryptoAppUITests */ = {
			isa = PBXNativeTarget;
			buildConfigurationList = A5DB6BBE2C1E1A7D0066B528 /* Build configuration list for PBXNativeTarget "SimpleCryptoAppUITests" */;
			buildPhases = (
				6BBEFCB3F8AC8C7BA0AEE0BA /* [CP] Check Pods Manifest.lock */,
				A5DB6BAA2C1E1A7D0066B528 /* Sources */,
				A5DB6BAB2C1E1A7D0066B528 /* Frameworks */,
				A5DB6BAC2C1E1A7D0066B528 /* Resources */,
				E0244F9F9F1A34470B230692 /* [CP] Embed Pods Frameworks */,
			);
			buildRules = (
			);
			dependencies = (
				A5DB6BB02C1E1A7D0066B528 /* PBXTargetDependency */,
			);
			name = SimpleCryptoAppUITests;
			productName = SimpleCryptoAppUITests;
			productReference = A5DB6BAE2C1E1A7D0066B528 /* SimpleCryptoAppUITests.xctest */;
			productType = "com.apple.product-type.bundle.ui-testing";
		};
/* End PBXNativeTarget section */

/* Begin PBXProject section */
		A5DB6B862C1E1A7C0066B528 /* Project object */ = {
			isa = PBXProject;
			attributes = {
				BuildIndependentTargetsInParallel = 1;
				LastSwiftUpdateCheck = 1540;
				LastUpgradeCheck = 1540;
				TargetAttributes = {
					A5DB6B8D2C1E1A7C0066B528 = {
						CreatedOnToolsVersion = 15.4;
					};
					A5DB6BA32C1E1A7D0066B528 = {
						CreatedOnToolsVersion = 15.4;
						TestTargetID = A5DB6B8D2C1E1A7C0066B528;
					};
					A5DB6BAD2C1E1A7D0066B528 = {
						CreatedOnToolsVersion = 15.4;
						TestTargetID = A5DB6B8D2C1E1A7C0066B528;
					};
				};
			};
			buildConfigurationList = A5DB6B892C1E1A7C0066B528 /* Build configuration list for PBXProject "SimpleCryptoApp" */;
			compatibilityVersion = "Xcode 14.0";
			developmentRegion = en;
			hasScannedForEncodings = 0;
			knownRegions = (
				en,
				Base,
			);
			mainGroup = A5DB6B852C1E1A7C0066B528;
			productRefGroup = A5DB6B8F2C1E1A7C0066B528 /* Products */;
			projectDirPath = "";
			projectRoot = "";
			targets = (
				A5DB6B8D2C1E1A7C0066B528 /* SimpleCryptoApp */,
				A5DB6BA32C1E1A7D0066B528 /* SimpleCryptoAppTests */,
				A5DB6BAD2C1E1A7D0066B528 /* SimpleCryptoAppUITests */,
			);
		};
/* End PBXProject section */

/* Begin PBXResourcesBuildPhase section */
		A5DB6B8C2C1E1A7C0066B528 /* Resources */ = {
			isa = PBXResourcesBuildPhase;
			buildActionMask = 2147483647;
			files = (
				A5DB6B9B2C1E1A7D0066B528 /* Assets.xcassets in Resources */,
				A5DB6B9E2C1E1A7D0066B528 /* Base in Resources */,
			);
			runOnlyForDeploymentPostprocessing = 0;
		};
		A5DB6BA22C1E1A7D0066B528 /* Resources */ = {
			isa = PBXResourcesBuildPhase;
			buildActionMask = 2147483647;
			files = (
			);
			runOnlyForDeploymentPostprocessing = 0;
		};
		A5DB6BAC2C1E1A7D0066B528 /* Resources */ = {
			isa = PBXResourcesBuildPhase;
			buildActionMask = 2147483647;
			files = (
			);
			runOnlyForDeploymentPostprocessing = 0;
		};
/* End PBXResourcesBuildPhase section */

/* Begin PBXShellScriptBuildPhase section */
		6BBEFCB3F8AC8C7BA0AEE0BA /* [CP] Check Pods Manifest.lock */ = {
			isa = PBXShellScriptBuildPhase;
			buildActionMask = 2147483647;
			files = (
			);
			inputFileListPaths = (
			);
			inputPaths = (
				"${PODS_PODFILE_DIR_PATH}/Podfile.lock",
				"${PODS_ROOT}/Manifest.lock",
			);
			name = "[CP] Check Pods Manifest.lock";
			outputFileListPaths = (
			);
			outputPaths = (
				"$(DERIVED_FILE_DIR)/Pods-SimpleCryptoApp-SimpleCryptoAppUITests-checkManifestLockResult.txt",
			);
			runOnlyForDeploymentPostprocessing = 0;
			shellPath = /bin/sh;
			shellScript = "diff \"${PODS_PODFILE_DIR_PATH}/Podfile.lock\" \"${PODS_ROOT}/Manifest.lock\" > /dev/null\nif [ $? != 0 ] ; then\n    # print error to STDERR\n    echo \"error: The sandbox is not in sync with the Podfile.lock. Run 'pod install' or update your CocoaPods installation.\" >&2\n    exit 1\nfi\n# This output is used by Xcode 'outputs' to avoid re-running this script phase.\necho \"SUCCESS\" > \"${SCRIPT_OUTPUT_FILE_0}\"\n";
			showEnvVarsInLog = 0;
		};
		87B77BE53087F5589C21CB8B /* [CP] Check Pods Manifest.lock */ = {
			isa = PBXShellScriptBuildPhase;
			buildActionMask = 2147483647;
			files = (
			);
			inputFileListPaths = (
			);
			inputPaths = (
				"${PODS_PODFILE_DIR_PATH}/Podfile.lock",
				"${PODS_ROOT}/Manifest.lock",
			);
			name = "[CP] Check Pods Manifest.lock";
			outputFileListPaths = (
			);
			outputPaths = (
				"$(DERIVED_FILE_DIR)/Pods-SimpleCryptoApp-checkManifestLockResult.txt",
			);
			runOnlyForDeploymentPostprocessing = 0;
			shellPath = /bin/sh;
			shellScript = "diff \"${PODS_PODFILE_DIR_PATH}/Podfile.lock\" \"${PODS_ROOT}/Manifest.lock\" > /dev/null\nif [ $? != 0 ] ; then\n    # print error to STDERR\n    echo \"error: The sandbox is not in sync with the Podfile.lock. Run 'pod install' or update your CocoaPods installation.\" >&2\n    exit 1\nfi\n# This output is used by Xcode 'outputs' to avoid re-running this script phase.\necho \"SUCCESS\" > \"${SCRIPT_OUTPUT_FILE_0}\"\n";
			showEnvVarsInLog = 0;
		};
		DF7837A8898D667E8484BC03 /* [CP] Check Pods Manifest.lock */ = {
			isa = PBXShellScriptBuildPhase;
			buildActionMask = 2147483647;
			files = (
			);
			inputFileListPaths = (
			);
			inputPaths = (
				"${PODS_PODFILE_DIR_PATH}/Podfile.lock",
				"${PODS_ROOT}/Manifest.lock",
			);
			name = "[CP] Check Pods Manifest.lock";
			outputFileListPaths = (
			);
			outputPaths = (
				"$(DERIVED_FILE_DIR)/Pods-SimpleCryptoAppTests-checkManifestLockResult.txt",
			);
			runOnlyForDeploymentPostprocessing = 0;
			shellPath = /bin/sh;
			shellScript = "diff \"${PODS_PODFILE_DIR_PATH}/Podfile.lock\" \"${PODS_ROOT}/Manifest.lock\" > /dev/null\nif [ $? != 0 ] ; then\n    # print error to STDERR\n    echo \"error: The sandbox is not in sync with the Podfile.lock. Run 'pod install' or update your CocoaPods installation.\" >&2\n    exit 1\nfi\n# This output is used by Xcode 'outputs' to avoid re-running this script phase.\necho \"SUCCESS\" > \"${SCRIPT_OUTPUT_FILE_0}\"\n";
			showEnvVarsInLog = 0;
		};
		E0244F9F9F1A34470B230692 /* [CP] Embed Pods Frameworks */ = {
			isa = PBXShellScriptBuildPhase;
			buildActionMask = 2147483647;
			files = (
			);
			inputFileListPaths = (
				"${PODS_ROOT}/Target Support Files/Pods-SimpleCryptoApp-SimpleCryptoAppUITests/Pods-SimpleCryptoApp-SimpleCryptoAppUITests-frameworks-${CONFIGURATION}-input-files.xcfilelist",
			);
			name = "[CP] Embed Pods Frameworks";
			outputFileListPaths = (
				"${PODS_ROOT}/Target Support Files/Pods-SimpleCryptoApp-SimpleCryptoAppUITests/Pods-SimpleCryptoApp-SimpleCryptoAppUITests-frameworks-${CONFIGURATION}-output-files.xcfilelist",
			);
			runOnlyForDeploymentPostprocessing = 0;
			shellPath = /bin/sh;
			shellScript = "\"${PODS_ROOT}/Target Support Files/Pods-SimpleCryptoApp-SimpleCryptoAppUITests/Pods-SimpleCryptoApp-SimpleCryptoAppUITests-frameworks.sh\"\n";
			showEnvVarsInLog = 0;
		};
		EA9DAC79E83F50D9E5D9F3EE /* [CP] Embed Pods Frameworks */ = {
			isa = PBXShellScriptBuildPhase;
			buildActionMask = 2147483647;
			files = (
			);
			inputFileListPaths = (
				"${PODS_ROOT}/Target Support Files/Pods-SimpleCryptoApp/Pods-SimpleCryptoApp-frameworks-${CONFIGURATION}-input-files.xcfilelist",
			);
			name = "[CP] Embed Pods Frameworks";
			outputFileListPaths = (
				"${PODS_ROOT}/Target Support Files/Pods-SimpleCryptoApp/Pods-SimpleCryptoApp-frameworks-${CONFIGURATION}-output-files.xcfilelist",
			);
			runOnlyForDeploymentPostprocessing = 0;
			shellPath = /bin/sh;
			shellScript = "\"${PODS_ROOT}/Target Support Files/Pods-SimpleCryptoApp/Pods-SimpleCryptoApp-frameworks.sh\"\n";
			showEnvVarsInLog = 0;
		};
/* End PBXShellScriptBuildPhase section */

/* Begin PBXSourcesBuildPhase section */
		A5DB6B8A2C1E1A7C0066B528 /* Sources */ = {
			isa = PBXSourcesBuildPhase;
			buildActionMask = 2147483647;
			files = (
				A5DB6BD52C1E3E580066B528 /* HStack.swift in Sources */,
				A5CC21D32C1F1C3300BC1B30 /* NumberFormatter.swift in Sources */,
				A5DB6BCD2C1E1D7A0066B528 /* HomePresenter.swift in Sources */,
				A5DB6B962C1E1A7C0066B528 /* HomeViewController.swift in Sources */,
				A5DB6BD72C1E3F5E0066B528 /* VStack.swift in Sources */,
				A5DB6B922C1E1A7C0066B528 /* AppDelegate.swift in Sources */,
				A5DB6BC42C1E1C140066B528 /* NetworkService.swift in Sources */,
				A5DB6BCA2C1E1D550066B528 /* HomeInteractor.swift in Sources */,
				A5DB6BD12C1E1E820066B528 /* HomeRouter.swift in Sources */,
				A5DB6BDA2C1F0F740066B528 /* UIColorExtension.swift in Sources */,
				A5DB6B942C1E1A7C0066B528 /* SceneDelegate.swift in Sources */,
				A5DB6BC72C1E1C4F0066B528 /* CryptoData.swift in Sources */,
			);
			runOnlyForDeploymentPostprocessing = 0;
		};
		A5DB6BA02C1E1A7D0066B528 /* Sources */ = {
			isa = PBXSourcesBuildPhase;
			buildActionMask = 2147483647;
			files = (
				A5DB6BA92C1E1A7D0066B528 /* SimpleCryptoAppTests.swift in Sources */,
			);
			runOnlyForDeploymentPostprocessing = 0;
		};
		A5DB6BAA2C1E1A7D0066B528 /* Sources */ = {
			isa = PBXSourcesBuildPhase;
			buildActionMask = 2147483647;
			files = (
				A5DB6BB32C1E1A7D0066B528 /* SimpleCryptoAppUITests.swift in Sources */,
				A5DB6BB52C1E1A7D0066B528 /* SimpleCryptoAppUITestsLaunchTests.swift in Sources */,
			);
			runOnlyForDeploymentPostprocessing = 0;
		};
/* End PBXSourcesBuildPhase section */

/* Begin PBXTargetDependency section */
		A5DB6BA62C1E1A7D0066B528 /* PBXTargetDependency */ = {
			isa = PBXTargetDependency;
			target = A5DB6B8D2C1E1A7C0066B528 /* SimpleCryptoApp */;
			targetProxy = A5DB6BA52C1E1A7D0066B528 /* PBXContainerItemProxy */;
		};
		A5DB6BB02C1E1A7D0066B528 /* PBXTargetDependency */ = {
			isa = PBXTargetDependency;
			target = A5DB6B8D2C1E1A7C0066B528 /* SimpleCryptoApp */;
			targetProxy = A5DB6BAF2C1E1A7D0066B528 /* PBXContainerItemProxy */;
		};
/* End PBXTargetDependency section */

/* Begin PBXVariantGroup section */
		A5DB6B9C2C1E1A7D0066B528 /* LaunchScreen.storyboard */ = {
			isa = PBXVariantGroup;
			children = (
				A5DB6B9D2C1E1A7D0066B528 /* Base */,
			);
			name = LaunchScreen.storyboard;
			sourceTree = "<group>";
		};
/* End PBXVariantGroup section */

/* Begin XCBuildConfiguration section */
		A5DB6BB62C1E1A7D0066B528 /* Debug */ = {
			isa = XCBuildConfiguration;
			buildSettings = {
				ALWAYS_SEARCH_USER_PATHS = NO;
				ASSETCATALOG_COMPILER_GENERATE_SWIFT_ASSET_SYMBOL_EXTENSIONS = YES;
				CLANG_ANALYZER_NONNULL = YES;
				CLANG_ANALYZER_NUMBER_OBJECT_CONVERSION = YES_AGGRESSIVE;
				CLANG_CXX_LANGUAGE_STANDARD = "gnu++20";
				CLANG_ENABLE_MODULES = YES;
				CLANG_ENABLE_OBJC_ARC = YES;
				CLANG_ENABLE_OBJC_WEAK = YES;
				CLANG_WARN_BLOCK_CAPTURE_AUTORELEASING = YES;
				CLANG_WARN_BOOL_CONVERSION = YES;
				CLANG_WARN_COMMA = YES;
				CLANG_WARN_CONSTANT_CONVERSION = YES;
				CLANG_WARN_DEPRECATED_OBJC_IMPLEMENTATIONS = YES;
				CLANG_WARN_DIRECT_OBJC_ISA_USAGE = YES_ERROR;
				CLANG_WARN_DOCUMENTATION_COMMENTS = YES;
				CLANG_WARN_EMPTY_BODY = YES;
				CLANG_WARN_ENUM_CONVERSION = YES;
				CLANG_WARN_INFINITE_RECURSION = YES;
				CLANG_WARN_INT_CONVERSION = YES;
				CLANG_WARN_NON_LITERAL_NULL_CONVERSION = YES;
				CLANG_WARN_OBJC_IMPLICIT_RETAIN_SELF = YES;
				CLANG_WARN_OBJC_LITERAL_CONVERSION = YES;
				CLANG_WARN_OBJC_ROOT_CLASS = YES_ERROR;
				CLANG_WARN_QUOTED_INCLUDE_IN_FRAMEWORK_HEADER = YES;
				CLANG_WARN_RANGE_LOOP_ANALYSIS = YES;
				CLANG_WARN_STRICT_PROTOTYPES = YES;
				CLANG_WARN_SUSPICIOUS_MOVE = YES;
				CLANG_WARN_UNGUARDED_AVAILABILITY = YES_AGGRESSIVE;
				CLANG_WARN_UNREACHABLE_CODE = YES;
				CLANG_WARN__DUPLICATE_METHOD_MATCH = YES;
				COPY_PHASE_STRIP = NO;
				DEBUG_INFORMATION_FORMAT = dwarf;
				ENABLE_STRICT_OBJC_MSGSEND = YES;
				ENABLE_TESTABILITY = YES;
				ENABLE_USER_SCRIPT_SANDBOXING = YES;
				GCC_C_LANGUAGE_STANDARD = gnu17;
				GCC_DYNAMIC_NO_PIC = NO;
				GCC_NO_COMMON_BLOCKS = YES;
				GCC_OPTIMIZATION_LEVEL = 0;
				GCC_PREPROCESSOR_DEFINITIONS = (
					"DEBUG=1",
					"$(inherited)",
				);
				GCC_WARN_64_TO_32_BIT_CONVERSION = YES;
				GCC_WARN_ABOUT_RETURN_TYPE = YES_ERROR;
				GCC_WARN_UNDECLARED_SELECTOR = YES;
				GCC_WARN_UNINITIALIZED_AUTOS = YES_AGGRESSIVE;
				GCC_WARN_UNUSED_FUNCTION = YES;
				GCC_WARN_UNUSED_VARIABLE = YES;
				INFOPLIST_KEY_NSMainStoryboardFile = "";
				INFOPLIST_KEY_UILaunchStoryboardName = LaunchScreen;
				IPHONEOS_DEPLOYMENT_TARGET = 13.0;
				LOCALIZATION_PREFERS_STRING_CATALOGS = YES;
				MTL_ENABLE_DEBUG_INFO = INCLUDE_SOURCE;
				MTL_FAST_MATH = YES;
				ONLY_ACTIVE_ARCH = YES;
				SDKROOT = iphoneos;
				SWIFT_ACTIVE_COMPILATION_CONDITIONS = "DEBUG $(inherited)";
				SWIFT_OPTIMIZATION_LEVEL = "-Onone";
			};
			name = Debug;
		};
		A5DB6BB72C1E1A7D0066B528 /* Release */ = {
			isa = XCBuildConfiguration;
			buildSettings = {
				ALWAYS_SEARCH_USER_PATHS = NO;
				ASSETCATALOG_COMPILER_GENERATE_SWIFT_ASSET_SYMBOL_EXTENSIONS = YES;
				CLANG_ANALYZER_NONNULL = YES;
				CLANG_ANALYZER_NUMBER_OBJECT_CONVERSION = YES_AGGRESSIVE;
				CLANG_CXX_LANGUAGE_STANDARD = "gnu++20";
				CLANG_ENABLE_MODULES = YES;
				CLANG_ENABLE_OBJC_ARC = YES;
				CLANG_ENABLE_OBJC_WEAK = YES;
				CLANG_WARN_BLOCK_CAPTURE_AUTORELEASING = YES;
				CLANG_WARN_BOOL_CONVERSION = YES;
				CLANG_WARN_COMMA = YES;
				CLANG_WARN_CONSTANT_CONVERSION = YES;
				CLANG_WARN_DEPRECATED_OBJC_IMPLEMENTATIONS = YES;
				CLANG_WARN_DIRECT_OBJC_ISA_USAGE = YES_ERROR;
				CLANG_WARN_DOCUMENTATION_COMMENTS = YES;
				CLANG_WARN_EMPTY_BODY = YES;
				CLANG_WARN_ENUM_CONVERSION = YES;
				CLANG_WARN_INFINITE_RECURSION = YES;
				CLANG_WARN_INT_CONVERSION = YES;
				CLANG_WARN_NON_LITERAL_NULL_CONVERSION = YES;
				CLANG_WARN_OBJC_IMPLICIT_RETAIN_SELF = YES;
				CLANG_WARN_OBJC_LITERAL_CONVERSION = YES;
				CLANG_WARN_OBJC_ROOT_CLASS = YES_ERROR;
				CLANG_WARN_QUOTED_INCLUDE_IN_FRAMEWORK_HEADER = YES;
				CLANG_WARN_RANGE_LOOP_ANALYSIS = YES;
				CLANG_WARN_STRICT_PROTOTYPES = YES;
				CLANG_WARN_SUSPICIOUS_MOVE = YES;
				CLANG_WARN_UNGUARDED_AVAILABILITY = YES_AGGRESSIVE;
				CLANG_WARN_UNREACHABLE_CODE = YES;
				CLANG_WARN__DUPLICATE_METHOD_MATCH = YES;
				COPY_PHASE_STRIP = NO;
				DEBUG_INFORMATION_FORMAT = "dwarf-with-dsym";
				ENABLE_NS_ASSERTIONS = NO;
				ENABLE_STRICT_OBJC_MSGSEND = YES;
				ENABLE_USER_SCRIPT_SANDBOXING = YES;
				GCC_C_LANGUAGE_STANDARD = gnu17;
				GCC_NO_COMMON_BLOCKS = YES;
				GCC_WARN_64_TO_32_BIT_CONVERSION = YES;
				GCC_WARN_ABOUT_RETURN_TYPE = YES_ERROR;
				GCC_WARN_UNDECLARED_SELECTOR = YES;
				GCC_WARN_UNINITIALIZED_AUTOS = YES_AGGRESSIVE;
				GCC_WARN_UNUSED_FUNCTION = YES;
				GCC_WARN_UNUSED_VARIABLE = YES;
				INFOPLIST_KEY_NSMainStoryboardFile = "";
				INFOPLIST_KEY_UILaunchStoryboardName = LaunchScreen;
				IPHONEOS_DEPLOYMENT_TARGET = 13.0;
				LOCALIZATION_PREFERS_STRING_CATALOGS = YES;
				MTL_ENABLE_DEBUG_INFO = NO;
				MTL_FAST_MATH = YES;
				SDKROOT = iphoneos;
				SWIFT_COMPILATION_MODE = wholemodule;
				VALIDATE_PRODUCT = YES;
			};
			name = Release;
		};
		A5DB6BB92C1E1A7D0066B528 /* Debug */ = {
			isa = XCBuildConfiguration;
			baseConfigurationReference = FF9E9D51B4631C9B58A93D42 /* Pods-SimpleCryptoApp.debug.xcconfig */;
			buildSettings = {
				ASSETCATALOG_COMPILER_APPICON_NAME = AppIcon;
				ASSETCATALOG_COMPILER_GLOBAL_ACCENT_COLOR_NAME = AccentColor;
				CODE_SIGN_STYLE = Automatic;
				CURRENT_PROJECT_VERSION = 1;
				DEVELOPMENT_TEAM = 75VHUVZJF4;
				ENABLE_USER_SCRIPT_SANDBOXING = NO;
				GENERATE_INFOPLIST_FILE = YES;
				INFOPLIST_FILE = SimpleCryptoApp/Info.plist;
				INFOPLIST_KEY_UIApplicationSupportsIndirectInputEvents = YES;
				INFOPLIST_KEY_UILaunchStoryboardName = LaunchScreen;
				INFOPLIST_KEY_UIMainStoryboardFile = "";
				INFOPLIST_KEY_UISupportedInterfaceOrientations_iPad = "UIInterfaceOrientationPortrait UIInterfaceOrientationPortraitUpsideDown UIInterfaceOrientationLandscapeLeft UIInterfaceOrientationLandscapeRight";
				INFOPLIST_KEY_UISupportedInterfaceOrientations_iPhone = "UIInterfaceOrientationPortrait UIInterfaceOrientationLandscapeLeft UIInterfaceOrientationLandscapeRight";
				LD_RUNPATH_SEARCH_PATHS = (
					"$(inherited)",
					"@executable_path/Frameworks",
				);
				MARKETING_VERSION = 1.0;
				PRODUCT_BUNDLE_IDENTIFIER = Dimas.SimpleCryptoApp;
				PRODUCT_NAME = "$(TARGET_NAME)";
				SWIFT_EMIT_LOC_STRINGS = YES;
				SWIFT_VERSION = 5.0;
				TARGETED_DEVICE_FAMILY = "1,2";
			};
			name = Debug;
		};
		A5DB6BBA2C1E1A7D0066B528 /* Release */ = {
			isa = XCBuildConfiguration;
			baseConfigurationReference = 1987DBEE10A8C6DB7DC8E635 /* Pods-SimpleCryptoApp.release.xcconfig */;
			buildSettings = {
				ASSETCATALOG_COMPILER_APPICON_NAME = AppIcon;
				ASSETCATALOG_COMPILER_GLOBAL_ACCENT_COLOR_NAME = AccentColor;
				CODE_SIGN_STYLE = Automatic;
				CURRENT_PROJECT_VERSION = 1;
				DEVELOPMENT_TEAM = 75VHUVZJF4;
				ENABLE_USER_SCRIPT_SANDBOXING = NO;
				GENERATE_INFOPLIST_FILE = YES;
				INFOPLIST_FILE = SimpleCryptoApp/Info.plist;
				INFOPLIST_KEY_UIApplicationSupportsIndirectInputEvents = YES;
				INFOPLIST_KEY_UILaunchStoryboardName = LaunchScreen;
				INFOPLIST_KEY_UIMainStoryboardFile = "";
				INFOPLIST_KEY_UISupportedInterfaceOrientations_iPad = "UIInterfaceOrientationPortrait UIInterfaceOrientationPortraitUpsideDown UIInterfaceOrientationLandscapeLeft UIInterfaceOrientationLandscapeRight";
				INFOPLIST_KEY_UISupportedInterfaceOrientations_iPhone = "UIInterfaceOrientationPortrait UIInterfaceOrientationLandscapeLeft UIInterfaceOrientationLandscapeRight";
				LD_RUNPATH_SEARCH_PATHS = (
					"$(inherited)",
					"@executable_path/Frameworks",
				);
				MARKETING_VERSION = 1.0;
				PRODUCT_BUNDLE_IDENTIFIER = Dimas.SimpleCryptoApp;
				PRODUCT_NAME = "$(TARGET_NAME)";
				SWIFT_EMIT_LOC_STRINGS = YES;
				SWIFT_VERSION = 5.0;
				TARGETED_DEVICE_FAMILY = "1,2";
			};
			name = Release;
		};
		A5DB6BBC2C1E1A7D0066B528 /* Debug */ = {
			isa = XCBuildConfiguration;
			baseConfigurationReference = 92C7239038F5AC88AB0DEB44 /* Pods-SimpleCryptoAppTests.debug.xcconfig */;
			buildSettings = {
				ALWAYS_EMBED_SWIFT_STANDARD_LIBRARIES = YES;
				BUNDLE_LOADER = "$(TEST_HOST)";
				CODE_SIGN_STYLE = Automatic;
				CURRENT_PROJECT_VERSION = 1;
				DEVELOPMENT_TEAM = 75VHUVZJF4;
				ENABLE_USER_SCRIPT_SANDBOXING = NO;
				GENERATE_INFOPLIST_FILE = YES;
				INFOPLIST_KEY_UILaunchStoryboardName = LaunchScreen;
				IPHONEOS_DEPLOYMENT_TARGET = 17.5;
				MARKETING_VERSION = 1.0;
				PRODUCT_BUNDLE_IDENTIFIER = Dimas.SimpleCryptoAppTests;
				PRODUCT_NAME = "$(TARGET_NAME)";
				SWIFT_EMIT_LOC_STRINGS = NO;
				SWIFT_VERSION = 5.0;
				TARGETED_DEVICE_FAMILY = "1,2";
				TEST_HOST = "$(BUILT_PRODUCTS_DIR)/SimpleCryptoApp.app/$(BUNDLE_EXECUTABLE_FOLDER_PATH)/SimpleCryptoApp";
			};
			name = Debug;
		};
		A5DB6BBD2C1E1A7D0066B528 /* Release */ = {
			isa = XCBuildConfiguration;
			baseConfigurationReference = 33D3728D84D2607ED9BE853A /* Pods-SimpleCryptoAppTests.release.xcconfig */;
			buildSettings = {
				ALWAYS_EMBED_SWIFT_STANDARD_LIBRARIES = YES;
				BUNDLE_LOADER = "$(TEST_HOST)";
				CODE_SIGN_STYLE = Automatic;
				CURRENT_PROJECT_VERSION = 1;
				DEVELOPMENT_TEAM = 75VHUVZJF4;
				ENABLE_USER_SCRIPT_SANDBOXING = NO;
				GENERATE_INFOPLIST_FILE = YES;
				INFOPLIST_KEY_UILaunchStoryboardName = LaunchScreen;
				IPHONEOS_DEPLOYMENT_TARGET = 17.5;
				MARKETING_VERSION = 1.0;
				PRODUCT_BUNDLE_IDENTIFIER = Dimas.SimpleCryptoAppTests;
				PRODUCT_NAME = "$(TARGET_NAME)";
				SWIFT_EMIT_LOC_STRINGS = NO;
				SWIFT_VERSION = 5.0;
				TARGETED_DEVICE_FAMILY = "1,2";
				TEST_HOST = "$(BUILT_PRODUCTS_DIR)/SimpleCryptoApp.app/$(BUNDLE_EXECUTABLE_FOLDER_PATH)/SimpleCryptoApp";
			};
			name = Release;
		};
		A5DB6BBF2C1E1A7D0066B528 /* Debug */ = {
			isa = XCBuildConfiguration;
			baseConfigurationReference = 2137C8E6B92142BD56F8B900 /* Pods-SimpleCryptoApp-SimpleCryptoAppUITests.debug.xcconfig */;
			buildSettings = {
				ALWAYS_EMBED_SWIFT_STANDARD_LIBRARIES = YES;
				CODE_SIGN_STYLE = Automatic;
				CURRENT_PROJECT_VERSION = 1;
				DEVELOPMENT_TEAM = 75VHUVZJF4;
				ENABLE_USER_SCRIPT_SANDBOXING = NO;
				GENERATE_INFOPLIST_FILE = YES;
				INFOPLIST_KEY_UILaunchStoryboardName = LaunchScreen;
				MARKETING_VERSION = 1.0;
				PRODUCT_BUNDLE_IDENTIFIER = Dimas.SimpleCryptoAppUITests;
				PRODUCT_NAME = "$(TARGET_NAME)";
				SWIFT_EMIT_LOC_STRINGS = NO;
				SWIFT_VERSION = 5.0;
				TARGETED_DEVICE_FAMILY = "1,2";
				TEST_TARGET_NAME = SimpleCryptoApp;
			};
			name = Debug;
		};
		A5DB6BC02C1E1A7D0066B528 /* Release */ = {
			isa = XCBuildConfiguration;
			baseConfigurationReference = 2D76464C834F45F06369C8DE /* Pods-SimpleCryptoApp-SimpleCryptoAppUITests.release.xcconfig */;
			buildSettings = {
				ALWAYS_EMBED_SWIFT_STANDARD_LIBRARIES = YES;
				CODE_SIGN_STYLE = Automatic;
				CURRENT_PROJECT_VERSION = 1;
				DEVELOPMENT_TEAM = 75VHUVZJF4;
				ENABLE_USER_SCRIPT_SANDBOXING = NO;
				GENERATE_INFOPLIST_FILE = YES;
				INFOPLIST_KEY_UILaunchStoryboardName = LaunchScreen;
				MARKETING_VERSION = 1.0;
				PRODUCT_BUNDLE_IDENTIFIER = Dimas.SimpleCryptoAppUITests;
				PRODUCT_NAME = "$(TARGET_NAME)";
				SWIFT_EMIT_LOC_STRINGS = NO;
				SWIFT_VERSION = 5.0;
				TARGETED_DEVICE_FAMILY = "1,2";
				TEST_TARGET_NAME = SimpleCryptoApp;
			};
			name = Release;
		};
/* End XCBuildConfiguration section */

/* Begin XCConfigurationList section */
		A5DB6B892C1E1A7C0066B528 /* Build configuration list for PBXProject "SimpleCryptoApp" */ = {
			isa = XCConfigurationList;
			buildConfigurations = (
				A5DB6BB62C1E1A7D0066B528 /* Debug */,
				A5DB6BB72C1E1A7D0066B528 /* Release */,
			);
			defaultConfigurationIsVisible = 0;
			defaultConfigurationName = Release;
		};
		A5DB6BB82C1E1A7D0066B528 /* Build configuration list for PBXNativeTarget "SimpleCryptoApp" */ = {
			isa = XCConfigurationList;
			buildConfigurations = (
				A5DB6BB92C1E1A7D0066B528 /* Debug */,
				A5DB6BBA2C1E1A7D0066B528 /* Release */,
			);
			defaultConfigurationIsVisible = 0;
			defaultConfigurationName = Release;
		};
		A5DB6BBB2C1E1A7D0066B528 /* Build configuration list for PBXNativeTarget "SimpleCryptoAppTests" */ = {
			isa = XCConfigurationList;
			buildConfigurations = (
				A5DB6BBC2C1E1A7D0066B528 /* Debug */,
				A5DB6BBD2C1E1A7D0066B528 /* Release */,
			);
			defaultConfigurationIsVisible = 0;
			defaultConfigurationName = Release;
		};
		A5DB6BBE2C1E1A7D0066B528 /* Build configuration list for PBXNativeTarget "SimpleCryptoAppUITests" */ = {
			isa = XCConfigurationList;
			buildConfigurations = (
				A5DB6BBF2C1E1A7D0066B528 /* Debug */,
				A5DB6BC02C1E1A7D0066B528 /* Release */,
			);
			defaultConfigurationIsVisible = 0;
			defaultConfigurationName = Release;
		};
/* End XCConfigurationList section */
	};
	rootObject = A5DB6B862C1E1A7C0066B528 /* Project object */;
}
